// !$*UTF8*$!
{
	archiveVersion = 1;
	classes = {
	};
	objectVersion = 56;
	objects = {

/* Begin PBXBuildFile section */
		1D5F16692CD0C9E4007A308D /* MenuDrawerNavigation_SwiftUIApp.swift in Sources */ = {isa = PBXBuildFile; fileRef = 1D5F16682CD0C9E4007A308D /* MenuDrawerNavigation_SwiftUIApp.swift */; };
		1D5F166B2CD0C9E4007A308D /* ContentView.swift in Sources */ = {isa = PBXBuildFile; fileRef = 1D5F166A2CD0C9E4007A308D /* ContentView.swift */; };
		1D5F166D2CD0C9E5007A308D /* Assets.xcassets in Resources */ = {isa = PBXBuildFile; fileRef = 1D5F166C2CD0C9E5007A308D /* Assets.xcassets */; };
		1D5F16702CD0C9E5007A308D /* Preview Assets.xcassets in Resources */ = {isa = PBXBuildFile; fileRef = 1D5F166F2CD0C9E5007A308D /* Preview Assets.xcassets */; };
		1D5F167A2CD0C9E5007A308D /* MenuDrawerNavigation_SwiftUITests.swift in Sources */ = {isa = PBXBuildFile; fileRef = 1D5F16792CD0C9E5007A308D /* MenuDrawerNavigation_SwiftUITests.swift */; };
		1D5F16842CD0C9E5007A308D /* MenuDrawerNavigation_SwiftUIUITests.swift in Sources */ = {isa = PBXBuildFile; fileRef = 1D5F16832CD0C9E5007A308D /* MenuDrawerNavigation_SwiftUIUITests.swift */; };
		1D5F16862CD0C9E5007A308D /* MenuDrawerNavigation_SwiftUIUITestsLaunchTests.swift in Sources */ = {isa = PBXBuildFile; fileRef = 1D5F16852CD0C9E5007A308D /* MenuDrawerNavigation_SwiftUIUITestsLaunchTests.swift */; };
/* End PBXBuildFile section */

/* Begin PBXContainerItemProxy section */
		1D5F16762CD0C9E5007A308D /* PBXContainerItemProxy */ = {
			isa = PBXContainerItemProxy;
			containerPortal = 1D5F165D2CD0C9E4007A308D /* Project object */;
			proxyType = 1;
			remoteGlobalIDString = 1D5F16642CD0C9E4007A308D;
			remoteInfo = "MenuDrawerNavigation-SwiftUI";
		};
		1D5F16802CD0C9E5007A308D /* PBXContainerItemProxy */ = {
			isa = PBXContainerItemProxy;
			containerPortal = 1D5F165D2CD0C9E4007A308D /* Project object */;
			proxyType = 1;
			remoteGlobalIDString = 1D5F16642CD0C9E4007A308D;
			remoteInfo = "MenuDrawerNavigation-SwiftUI";
		};
/* End PBXContainerItemProxy section */

/* Begin PBXFileReference section */
		1D5F16652CD0C9E4007A308D /* MenuDrawerNavigation-SwiftUI.app */ = {isa = PBXFileReference; explicitFileType = wrapper.application; includeInIndex = 0; path = "MenuDrawerNavigation-SwiftUI.app"; sourceTree = BUILT_PRODUCTS_DIR; };
		1D5F16682CD0C9E4007A308D /* MenuDrawerNavigation_SwiftUIApp.swift */ = {isa = PBXFileReference; lastKnownFileType = sourcecode.swift; path = MenuDrawerNavigation_SwiftUIApp.swift; sourceTree = "<group>"; };
		1D5F166A2CD0C9E4007A308D /* ContentView.swift */ = {isa = PBXFileReference; lastKnownFileType = sourcecode.swift; path = ContentView.swift; sourceTree = "<group>"; };
		1D5F166C2CD0C9E5007A308D /* Assets.xcassets */ = {isa = PBXFileReference; lastKnownFileType = folder.assetcatalog; path = Assets.xcassets; sourceTree = "<group>"; };
		1D5F166F2CD0C9E5007A308D /* Preview Assets.xcassets */ = {isa = PBXFileReference; lastKnownFileType = folder.assetcatalog; path = "Preview Assets.xcassets"; sourceTree = "<group>"; };
		1D5F16752CD0C9E5007A308D /* MenuDrawerNavigation-SwiftUITests.xctest */ = {isa = PBXFileReference; explicitFileType = wrapper.cfbundle; includeInIndex = 0; path = "MenuDrawerNavigation-SwiftUITests.xctest"; sourceTree = BUILT_PRODUCTS_DIR; };
		1D5F16792CD0C9E5007A308D /* MenuDrawerNavigation_SwiftUITests.swift */ = {isa = PBXFileReference; lastKnownFileType = sourcecode.swift; path = MenuDrawerNavigation_SwiftUITests.swift; sourceTree = "<group>"; };
		1D5F167F2CD0C9E5007A308D /* MenuDrawerNavigation-SwiftUIUITests.xctest */ = {isa = PBXFileReference; explicitFileType = wrapper.cfbundle; includeInIndex = 0; path = "MenuDrawerNavigation-SwiftUIUITests.xctest"; sourceTree = BUILT_PRODUCTS_DIR; };
		1D5F16832CD0C9E5007A308D /* MenuDrawerNavigation_SwiftUIUITests.swift */ = {isa = PBXFileReference; lastKnownFileType = sourcecode.swift; path = MenuDrawerNavigation_SwiftUIUITests.swift; sourceTree = "<group>"; };
		1D5F16852CD0C9E5007A308D /* MenuDrawerNavigation_SwiftUIUITestsLaunchTests.swift */ = {isa = PBXFileReference; lastKnownFileType = sourcecode.swift; path = MenuDrawerNavigation_SwiftUIUITestsLaunchTests.swift; sourceTree = "<group>"; };
/* End PBXFileReference section */

/* Begin PBXFrameworksBuildPhase section */
		1D5F16622CD0C9E4007A308D /* Frameworks */ = {
			isa = PBXFrameworksBuildPhase;
			buildActionMask = 2147483647;
			files = (
			);
			runOnlyForDeploymentPostprocessing = 0;
		};
		1D5F16722CD0C9E5007A308D /* Frameworks */ = {
			isa = PBXFrameworksBuildPhase;
			buildActionMask = 2147483647;
			files = (
			);
			runOnlyForDeploymentPostprocessing = 0;
		};
		1D5F167C2CD0C9E5007A308D /* Frameworks */ = {
			isa = PBXFrameworksBuildPhase;
			buildActionMask = 2147483647;
			files = (
			);
			runOnlyForDeploymentPostprocessing = 0;
		};
/* End PBXFrameworksBuildPhase section */

/* Begin PBXGroup section */
		1D5F165C2CD0C9E4007A308D = {
			isa = PBXGroup;
			children = (
				1D5F16672CD0C9E4007A308D /* MenuDrawerNavigation-SwiftUI */,
				1D5F16782CD0C9E5007A308D /* MenuDrawerNavigation-SwiftUITests */,
				1D5F16822CD0C9E5007A308D /* MenuDrawerNavigation-SwiftUIUITests */,
				1D5F16662CD0C9E4007A308D /* Products */,
			);
			sourceTree = "<group>";
		};
		1D5F16662CD0C9E4007A308D /* Products */ = {
			isa = PBXGroup;
			children = (
				1D5F16652CD0C9E4007A308D /* MenuDrawerNavigation-SwiftUI.app */,
				1D5F16752CD0C9E5007A308D /* MenuDrawerNavigation-SwiftUITests.xctest */,
				1D5F167F2CD0C9E5007A308D /* MenuDrawerNavigation-SwiftUIUITests.xctest */,
			);
			name = Products;
			sourceTree = "<group>";
		};
		1D5F16672CD0C9E4007A308D /* MenuDrawerNavigation-SwiftUI */ = {
			isa = PBXGroup;
			children = (
				1D5F16682CD0C9E4007A308D /* MenuDrawerNavigation_SwiftUIApp.swift */,
				1D5F166A2CD0C9E4007A308D /* ContentView.swift */,
				1D5F166C2CD0C9E5007A308D /* Assets.xcassets */,
				1D5F166E2CD0C9E5007A308D /* Preview Content */,
			);
			path = "MenuDrawerNavigation-SwiftUI";
			sourceTree = "<group>";
		};
		1D5F166E2CD0C9E5007A308D /* Preview Content */ = {
			isa = PBXGroup;
			children = (
				1D5F166F2CD0C9E5007A308D /* Preview Assets.xcassets */,
			);
			path = "Preview Content";
			sourceTree = "<group>";
		};
		1D5F16782CD0C9E5007A308D /* MenuDrawerNavigation-SwiftUITests */ = {
			isa = PBXGroup;
			children = (
				1D5F16792CD0C9E5007A308D /* MenuDrawerNavigation_SwiftUITests.swift */,
			);
			path = "MenuDrawerNavigation-SwiftUITests";
			sourceTree = "<group>";
		};
		1D5F16822CD0C9E5007A308D /* MenuDrawerNavigation-SwiftUIUITests */ = {
			isa = PBXGroup;
			children = (
				1D5F16832CD0C9E5007A308D /* MenuDrawerNavigation_SwiftUIUITests.swift */,
				1D5F16852CD0C9E5007A308D /* MenuDrawerNavigation_SwiftUIUITestsLaunchTests.swift */,
			);
			path = "MenuDrawerNavigation-SwiftUIUITests";
			sourceTree = "<group>";
		};
/* End PBXGroup section */

/* Begin PBXNativeTarget section */
		1D5F16642CD0C9E4007A308D /* MenuDrawerNavigation-SwiftUI */ = {
			isa = PBXNativeTarget;
			buildConfigurationList = 1D5F16892CD0C9E5007A308D /* Build configuration list for PBXNativeTarget "MenuDrawerNavigation-SwiftUI" */;
			buildPhases = (
				1D5F16612CD0C9E4007A308D /* Sources */,
				1D5F16622CD0C9E4007A308D /* Frameworks */,
				1D5F16632CD0C9E4007A308D /* Resources */,
			);
			buildRules = (
			);
			dependencies = (
			);
			name = "MenuDrawerNavigation-SwiftUI";
			productName = "MenuDrawerNavigation-SwiftUI";
			productReference = 1D5F16652CD0C9E4007A308D /* MenuDrawerNavigation-SwiftUI.app */;
			productType = "com.apple.product-type.application";
		};
		1D5F16742CD0C9E5007A308D /* MenuDrawerNavigation-SwiftUITests */ = {
			isa = PBXNativeTarget;
			buildConfigurationList = 1D5F168C2CD0C9E5007A308D /* Build configuration list for PBXNativeTarget "MenuDrawerNavigation-SwiftUITests" */;
			buildPhases = (
				1D5F16712CD0C9E5007A308D /* Sources */,
				1D5F16722CD0C9E5007A308D /* Frameworks */,
				1D5F16732CD0C9E5007A308D /* Resources */,
			);
			buildRules = (
			);
			dependencies = (
				1D5F16772CD0C9E5007A308D /* PBXTargetDependency */,
			);
			name = "MenuDrawerNavigation-SwiftUITests";
			productName = "MenuDrawerNavigation-SwiftUITests";
			productReference = 1D5F16752CD0C9E5007A308D /* MenuDrawerNavigation-SwiftUITests.xctest */;
			productType = "com.apple.product-type.bundle.unit-test";
		};
		1D5F167E2CD0C9E5007A308D /* MenuDrawerNavigation-SwiftUIUITests */ = {
			isa = PBXNativeTarget;
			buildConfigurationList = 1D5F168F2CD0C9E5007A308D /* Build configuration list for PBXNativeTarget "MenuDrawerNavigation-SwiftUIUITests" */;
			buildPhases = (
				1D5F167B2CD0C9E5007A308D /* Sources */,
				1D5F167C2CD0C9E5007A308D /* Frameworks */,
				1D5F167D2CD0C9E5007A308D /* Resources */,
			);
			buildRules = (
			);
			dependencies = (
				1D5F16812CD0C9E5007A308D /* PBXTargetDependency */,
			);
			name = "MenuDrawerNavigation-SwiftUIUITests";
			productName = "MenuDrawerNavigation-SwiftUIUITests";
			productReference = 1D5F167F2CD0C9E5007A308D /* MenuDrawerNavigation-SwiftUIUITests.xctest */;
			productType = "com.apple.product-type.bundle.ui-testing";
		};
/* End PBXNativeTarget section */

/* Begin PBXProject section */
		1D5F165D2CD0C9E4007A308D /* Project object */ = {
			isa = PBXProject;
			attributes = {
				BuildIndependentTargetsInParallel = 1;
				LastSwiftUpdateCheck = 1540;
				LastUpgradeCheck = 1540;
				TargetAttributes = {
					1D5F16642CD0C9E4007A308D = {
						CreatedOnToolsVersion = 15.4;
					};
					1D5F16742CD0C9E5007A308D = {
						CreatedOnToolsVersion = 15.4;
						TestTargetID = 1D5F16642CD0C9E4007A308D;
					};
					1D5F167E2CD0C9E5007A308D = {
						CreatedOnToolsVersion = 15.4;
						TestTargetID = 1D5F16642CD0C9E4007A308D;
					};
				};
			};
			buildConfigurationList = 1D5F16602CD0C9E4007A308D /* Build configuration list for PBXProject "MenuDrawerNavigation-SwiftUI" */;
			compatibilityVersion = "Xcode 14.0";
			developmentRegion = en;
			hasScannedForEncodings = 0;
			knownRegions = (
				en,
				Base,
			);
			mainGroup = 1D5F165C2CD0C9E4007A308D;
			productRefGroup = 1D5F16662CD0C9E4007A308D /* Products */;
			projectDirPath = "";
			projectRoot = "";
			targets = (
				1D5F16642CD0C9E4007A308D /* MenuDrawerNavigation-SwiftUI */,
				1D5F16742CD0C9E5007A308D /* MenuDrawerNavigation-SwiftUITests */,
				1D5F167E2CD0C9E5007A308D /* MenuDrawerNavigation-SwiftUIUITests */,
			);
		};
/* End PBXProject section */

/* Begin PBXResourcesBuildPhase section */
		1D5F16632CD0C9E4007A308D /* Resources */ = {
			isa = PBXResourcesBuildPhase;
			buildActionMask = 2147483647;
			files = (
				1D5F16702CD0C9E5007A308D /* Preview Assets.xcassets in Resources */,
				1D5F166D2CD0C9E5007A308D /* Assets.xcassets in Resources */,
			);
			runOnlyForDeploymentPostprocessing = 0;
		};
		1D5F16732CD0C9E5007A308D /* Resources */ = {
			isa = PBXResourcesBuildPhase;
			buildActionMask = 2147483647;
			files = (
			);
			runOnlyForDeploymentPostprocessing = 0;
		};
		1D5F167D2CD0C9E5007A308D /* Resources */ = {
			isa = PBXResourcesBuildPhase;
			buildActionMask = 2147483647;
			files = (
			);
			runOnlyForDeploymentPostprocessing = 0;
		};
/* End PBXResourcesBuildPhase section */

/* Begin PBXSourcesBuildPhase section */
		1D5F16612CD0C9E4007A308D /* Sources */ = {
			isa = PBXSourcesBuildPhase;
			buildActionMask = 2147483647;
			files = (
				1D5F166B2CD0C9E4007A308D /* ContentView.swift in Sources */,
				1D5F16692CD0C9E4007A308D /* MenuDrawerNavigation_SwiftUIApp.swift in Sources */,
			);
			runOnlyForDeploymentPostprocessing = 0;
		};
		1D5F16712CD0C9E5007A308D /* Sources */ = {
			isa = PBXSourcesBuildPhase;
			buildActionMask = 2147483647;
			files = (
				1D5F167A2CD0C9E5007A308D /* MenuDrawerNavigation_SwiftUITests.swift in Sources */,
			);
			runOnlyForDeploymentPostprocessing = 0;
		};
		1D5F167B2CD0C9E5007A308D /* Sources */ = {
			isa = PBXSourcesBuildPhase;
			buildActionMask = 2147483647;
			files = (
				1D5F16862CD0C9E5007A308D /* MenuDrawerNavigation_SwiftUIUITestsLaunchTests.swift in Sources */,
				1D5F16842CD0C9E5007A308D /* MenuDrawerNavigation_SwiftUIUITests.swift in Sources */,
			);
			runOnlyForDeploymentPostprocessing = 0;
		};
/* End PBXSourcesBuildPhase section */

/* Begin PBXTargetDependency section */
		1D5F16772CD0C9E5007A308D /* PBXTargetDependency */ = {
			isa = PBXTargetDependency;
			target = 1D5F16642CD0C9E4007A308D /* MenuDrawerNavigation-SwiftUI */;
			targetProxy = 1D5F16762CD0C9E5007A308D /* PBXContainerItemProxy */;
		};
		1D5F16812CD0C9E5007A308D /* PBXTargetDependency */ = {
			isa = PBXTargetDependency;
			target = 1D5F16642CD0C9E4007A308D /* MenuDrawerNavigation-SwiftUI */;
			targetProxy = 1D5F16802CD0C9E5007A308D /* PBXContainerItemProxy */;
		};
/* End PBXTargetDependency section */

/* Begin XCBuildConfiguration section */
		1D5F16872CD0C9E5007A308D /* Debug */ = {
			isa = XCBuildConfiguration;
			buildSettings = {
				ALWAYS_SEARCH_USER_PATHS = NO;
				ASSETCATALOG_COMPILER_GENERATE_SWIFT_ASSET_SYMBOL_EXTENSIONS = YES;
				CLANG_ANALYZER_NONNULL = YES;
				CLANG_ANALYZER_NUMBER_OBJECT_CONVERSION = YES_AGGRESSIVE;
				CLANG_CXX_LANGUAGE_STANDARD = "gnu++20";
				CLANG_ENABLE_MODULES = YES;
				CLANG_ENABLE_OBJC_ARC = YES;
				CLANG_ENABLE_OBJC_WEAK = YES;
				CLANG_WARN_BLOCK_CAPTURE_AUTORELEASING = YES;
				CLANG_WARN_BOOL_CONVERSION = YES;
				CLANG_WARN_COMMA = YES;
				CLANG_WARN_CONSTANT_CONVERSION = YES;
				CLANG_WARN_DEPRECATED_OBJC_IMPLEMENTATIONS = YES;
				CLANG_WARN_DIRECT_OBJC_ISA_USAGE = YES_ERROR;
				CLANG_WARN_DOCUMENTATION_COMMENTS = YES;
				CLANG_WARN_EMPTY_BODY = YES;
				CLANG_WARN_ENUM_CONVERSION = YES;
				CLANG_WARN_INFINITE_RECURSION = YES;
				CLANG_WARN_INT_CONVERSION = YES;
				CLANG_WARN_NON_LITERAL_NULL_CONVERSION = YES;
				CLANG_WARN_OBJC_IMPLICIT_RETAIN_SELF = YES;
				CLANG_WARN_OBJC_LITERAL_CONVERSION = YES;
				CLANG_WARN_OBJC_ROOT_CLASS = YES_ERROR;
				CLANG_WARN_QUOTED_INCLUDE_IN_FRAMEWORK_HEADER = YES;
				CLANG_WARN_RANGE_LOOP_ANALYSIS = YES;
				CLANG_WARN_STRICT_PROTOTYPES = YES;
				CLANG_WARN_SUSPICIOUS_MOVE = YES;
				CLANG_WARN_UNGUARDED_AVAILABILITY = YES_AGGRESSIVE;
				CLANG_WARN_UNREACHABLE_CODE = YES;
				CLANG_WARN__DUPLICATE_METHOD_MATCH = YES;
				COPY_PHASE_STRIP = NO;
				DEBUG_INFORMATION_FORMAT = dwarf;
				ENABLE_STRICT_OBJC_MSGSEND = YES;
				ENABLE_TESTABILITY = YES;
				ENABLE_USER_SCRIPT_SANDBOXING = YES;
				GCC_C_LANGUAGE_STANDARD = gnu17;
				GCC_DYNAMIC_NO_PIC = NO;
				GCC_NO_COMMON_BLOCKS = YES;
				GCC_OPTIMIZATION_LEVEL = 0;
				GCC_PREPROCESSOR_DEFINITIONS = (
					"DEBUG=1",
					"$(inherited)",
				);
				GCC_WARN_64_TO_32_BIT_CONVERSION = YES;
				GCC_WARN_ABOUT_RETURN_TYPE = YES_ERROR;
				GCC_WARN_UNDECLARED_SELECTOR = YES;
				GCC_WARN_UNINITIALIZED_AUTOS = YES_AGGRESSIVE;
				GCC_WARN_UNUSED_FUNCTION = YES;
				GCC_WARN_UNUSED_VARIABLE = YES;
				IPHONEOS_DEPLOYMENT_TARGET = 17.5;
				LOCALIZATION_PREFERS_STRING_CATALOGS = YES;
				MTL_ENABLE_DEBUG_INFO = INCLUDE_SOURCE;
				MTL_FAST_MATH = YES;
				ONLY_ACTIVE_ARCH = YES;
				SDKROOT = iphoneos;
				SWIFT_ACTIVE_COMPILATION_CONDITIONS = "DEBUG $(inherited)";
				SWIFT_OPTIMIZATION_LEVEL = "-Onone";
			};
			name = Debug;
		};
		1D5F16882CD0C9E5007A308D /* Release */ = {
			isa = XCBuildConfiguration;
			buildSettings = {
				ALWAYS_SEARCH_USER_PATHS = NO;
				ASSETCATALOG_COMPILER_GENERATE_SWIFT_ASSET_SYMBOL_EXTENSIONS = YES;
				CLANG_ANALYZER_NONNULL = YES;
				CLANG_ANALYZER_NUMBER_OBJECT_CONVERSION = YES_AGGRESSIVE;
				CLANG_CXX_LANGUAGE_STANDARD = "gnu++20";
				CLANG_ENABLE_MODULES = YES;
				CLANG_ENABLE_OBJC_ARC = YES;
				CLANG_ENABLE_OBJC_WEAK = YES;
				CLANG_WARN_BLOCK_CAPTURE_AUTORELEASING = YES;
				CLANG_WARN_BOOL_CONVERSION = YES;
				CLANG_WARN_COMMA = YES;
				CLANG_WARN_CONSTANT_CONVERSION = YES;
				CLANG_WARN_DEPRECATED_OBJC_IMPLEMENTATIONS = YES;
				CLANG_WARN_DIRECT_OBJC_ISA_USAGE = YES_ERROR;
				CLANG_WARN_DOCUMENTATION_COMMENTS = YES;
				CLANG_WARN_EMPTY_BODY = YES;
				CLANG_WARN_ENUM_CONVERSION = YES;
				CLANG_WARN_INFINITE_RECURSION = YES;
				CLANG_WARN_INT_CONVERSION = YES;
				CLANG_WARN_NON_LITERAL_NULL_CONVERSION = YES;
				CLANG_WARN_OBJC_IMPLICIT_RETAIN_SELF = YES;
				CLANG_WARN_OBJC_LITERAL_CONVERSION = YES;
				CLANG_WARN_OBJC_ROOT_CLASS = YES_ERROR;
				CLANG_WARN_QUOTED_INCLUDE_IN_FRAMEWORK_HEADER = YES;
				CLANG_WARN_RANGE_LOOP_ANALYSIS = YES;
				CLANG_WARN_STRICT_PROTOTYPES = YES;
				CLANG_WARN_SUSPICIOUS_MOVE = YES;
				CLANG_WARN_UNGUARDED_AVAILABILITY = YES_AGGRESSIVE;
				CLANG_WARN_UNREACHABLE_CODE = YES;
				CLANG_WARN__DUPLICATE_METHOD_MATCH = YES;
				COPY_PHASE_STRIP = NO;
				DEBUG_INFORMATION_FORMAT = "dwarf-with-dsym";
				ENABLE_NS_ASSERTIONS = NO;
				ENABLE_STRICT_OBJC_MSGSEND = YES;
				ENABLE_USER_SCRIPT_SANDBOXING = YES;
				GCC_C_LANGUAGE_STANDARD = gnu17;
				GCC_NO_COMMON_BLOCKS = YES;
				GCC_WARN_64_TO_32_BIT_CONVERSION = YES;
				GCC_WARN_ABOUT_RETURN_TYPE = YES_ERROR;
				GCC_WARN_UNDECLARED_SELECTOR = YES;
				GCC_WARN_UNINITIALIZED_AUTOS = YES_AGGRESSIVE;
				GCC_WARN_UNUSED_FUNCTION = YES;
				GCC_WARN_UNUSED_VARIABLE = YES;
				IPHONEOS_DEPLOYMENT_TARGET = 17.5;
				LOCALIZATION_PREFERS_STRING_CATALOGS = YES;
				MTL_ENABLE_DEBUG_INFO = NO;
				MTL_FAST_MATH = YES;
				SDKROOT = iphoneos;
				SWIFT_COMPILATION_MODE = wholemodule;
				VALIDATE_PRODUCT = YES;
			};
			name = Release;
		};
		1D5F168A2CD0C9E5007A308D /* Debug */ = {
			isa = XCBuildConfiguration;
			buildSettings = {
				ASSETCATALOG_COMPILER_APPICON_NAME = AppIcon;
				ASSETCATALOG_COMPILER_GLOBAL_ACCENT_COLOR_NAME = AccentColor;
				CODE_SIGN_STYLE = Automatic;
				CURRENT_PROJECT_VERSION = 1;
				DEVELOPMENT_ASSET_PATHS = "\"MenuDrawerNavigation-SwiftUI/Preview Content\"";
				ENABLE_PREVIEWS = YES;
				GENERATE_INFOPLIST_FILE = YES;
				INFOPLIST_KEY_UIApplicationSceneManifest_Generation = YES;
				INFOPLIST_KEY_UIApplicationSupportsIndirectInputEvents = YES;
				INFOPLIST_KEY_UILaunchScreen_Generation = YES;
				INFOPLIST_KEY_UISupportedInterfaceOrientations_iPad = "UIInterfaceOrientationPortrait UIInterfaceOrientationPortraitUpsideDown UIInterfaceOrientationLandscapeLeft UIInterfaceOrientationLandscapeRight";
				INFOPLIST_KEY_UISupportedInterfaceOrientations_iPhone = "UIInterfaceOrientationPortrait UIInterfaceOrientationLandscapeLeft UIInterfaceOrientationLandscapeRight";
				LD_RUNPATH_SEARCH_PATHS = (
					"$(inherited)",
					"@executable_path/Frameworks",
				);
				MARKETING_VERSION = 1.0;
				PRODUCT_BUNDLE_IDENTIFIER = "com.ios4you.MenuDrawerNavigation-SwiftUI";
				PRODUCT_NAME = "$(TARGET_NAME)";
				SWIFT_EMIT_LOC_STRINGS = YES;
				SWIFT_VERSION = 5.0;
				TARGETED_DEVICE_FAMILY = "1,2";
			};
			name = Debug;
		};
		1D5F168B2CD0C9E5007A308D /* Release */ = {
			isa = XCBuildConfiguration;
			buildSettings = {
				ASSETCATALOG_COMPILER_APPICON_NAME = AppIcon;
				ASSETCATALOG_COMPILER_GLOBAL_ACCENT_COLOR_NAME = AccentColor;
				CODE_SIGN_STYLE = Automatic;
				CURRENT_PROJECT_VERSION = 1;
				DEVELOPMENT_ASSET_PATHS = "\"MenuDrawerNavigation-SwiftUI/Preview Content\"";
				ENABLE_PREVIEWS = YES;
				GENERATE_INFOPLIST_FILE = YES;
				INFOPLIST_KEY_UIApplicationSceneManifest_Generation = YES;
				INFOPLIST_KEY_UIApplicationSupportsIndirectInputEvents = YES;
				INFOPLIST_KEY_UILaunchScreen_Generation = YES;
				INFOPLIST_KEY_UISupportedInterfaceOrientations_iPad = "UIInterfaceOrientationPortrait UIInterfaceOrientationPortraitUpsideDown UIInterfaceOrientationLandscapeLeft UIInterfaceOrientationLandscapeRight";
				INFOPLIST_KEY_UISupportedInterfaceOrientations_iPhone = "UIInterfaceOrientationPortrait UIInterfaceOrientationLandscapeLeft UIInterfaceOrientationLandscapeRight";
				LD_RUNPATH_SEARCH_PATHS = (
					"$(inherited)",
					"@executable_path/Frameworks",
				);
				MARKETING_VERSION = 1.0;
				PRODUCT_BUNDLE_IDENTIFIER = "com.ios4you.MenuDrawerNavigation-SwiftUI";
				PRODUCT_NAME = "$(TARGET_NAME)";
				SWIFT_EMIT_LOC_STRINGS = YES;
				SWIFT_VERSION = 5.0;
				TARGETED_DEVICE_FAMILY = "1,2";
			};
			name = Release;
		};
		1D5F168D2CD0C9E5007A308D /* Debug */ = {
			isa = XCBuildConfiguration;
			buildSettings = {
				ALWAYS_EMBED_SWIFT_STANDARD_LIBRARIES = YES;
				BUNDLE_LOADER = "$(TEST_HOST)";
				CODE_SIGN_STYLE = Automatic;
				CURRENT_PROJECT_VERSION = 1;
				GENERATE_INFOPLIST_FILE = YES;
				IPHONEOS_DEPLOYMENT_TARGET = 17.5;
				MARKETING_VERSION = 1.0;
				PRODUCT_BUNDLE_IDENTIFIER = "com.ios4you.MenuDrawerNavigation-SwiftUITests";
				PRODUCT_NAME = "$(TARGET_NAME)";
				SWIFT_EMIT_LOC_STRINGS = NO;
				SWIFT_VERSION = 5.0;
				TARGETED_DEVICE_FAMILY = "1,2";
				TEST_HOST = "$(BUILT_PRODUCTS_DIR)/MenuDrawerNavigation-SwiftUI.app/$(BUNDLE_EXECUTABLE_FOLDER_PATH)/MenuDrawerNavigation-SwiftUI";
			};
			name = Debug;
		};
		1D5F168E2CD0C9E5007A308D /* Release */ = {
			isa = XCBuildConfiguration;
			buildSettings = {
				ALWAYS_EMBED_SWIFT_STANDARD_LIBRARIES = YES;
				BUNDLE_LOADER = "$(TEST_HOST)";
				CODE_SIGN_STYLE = Automatic;
				CURRENT_PROJECT_VERSION = 1;
				GENERATE_INFOPLIST_FILE = YES;
				IPHONEOS_DEPLOYMENT_TARGET = 17.5;
				MARKETING_VERSION = 1.0;
				PRODUCT_BUNDLE_IDENTIFIER = "com.ios4you.MenuDrawerNavigation-SwiftUITests";
				PRODUCT_NAME = "$(TARGET_NAME)";
				SWIFT_EMIT_LOC_STRINGS = NO;
				SWIFT_VERSION = 5.0;
				TARGETED_DEVICE_FAMILY = "1,2";
				TEST_HOST = "$(BUILT_PRODUCTS_DIR)/MenuDrawerNavigation-SwiftUI.app/$(BUNDLE_EXECUTABLE_FOLDER_PATH)/MenuDrawerNavigation-SwiftUI";
			};
			name = Release;
		};
		1D5F16902CD0C9E5007A308D /* Debug */ = {
			isa = XCBuildConfiguration;
			buildSettings = {
				ALWAYS_EMBED_SWIFT_STANDARD_LIBRARIES = YES;
				CODE_SIGN_STYLE = Automatic;
				CURRENT_PROJECT_VERSION = 1;
				GENERATE_INFOPLIST_FILE = YES;
				MARKETING_VERSION = 1.0;
				PRODUCT_BUNDLE_IDENTIFIER = "com.ios4you.MenuDrawerNavigation-SwiftUIUITests";
				PRODUCT_NAME = "$(TARGET_NAME)";
				SWIFT_EMIT_LOC_STRINGS = NO;
				SWIFT_VERSION = 5.0;
				TARGETED_DEVICE_FAMILY = "1,2";
				TEST_TARGET_NAME = "MenuDrawerNavigation-SwiftUI";
			};
			name = Debug;
		};
		1D5F16912CD0C9E5007A308D /* Release */ = {
			isa = XCBuildConfiguration;
			buildSettings = {
				ALWAYS_EMBED_SWIFT_STANDARD_LIBRARIES = YES;
				CODE_SIGN_STYLE = Automatic;
				CURRENT_PROJECT_VERSION = 1;
				GENERATE_INFOPLIST_FILE = YES;
				MARKETING_VERSION = 1.0;
				PRODUCT_BUNDLE_IDENTIFIER = "com.ios4you.MenuDrawerNavigation-SwiftUIUITests";
				PRODUCT_NAME = "$(TARGET_NAME)";
				SWIFT_EMIT_LOC_STRINGS = NO;
				SWIFT_VERSION = 5.0;
				TARGETED_DEVICE_FAMILY = "1,2";
				TEST_TARGET_NAME = "MenuDrawerNavigation-SwiftUI";
			};
			name = Release;
		};
/* End XCBuildConfiguration section */

/* Begin XCConfigurationList section */
		1D5F16602CD0C9E4007A308D /* Build configuration list for PBXProject "MenuDrawerNavigation-SwiftUI" */ = {
			isa = XCConfigurationList;
			buildConfigurations = (
				1D5F16872CD0C9E5007A308D /* Debug */,
				1D5F16882CD0C9E5007A308D /* Release */,
			);
			defaultConfigurationIsVisible = 0;
			defaultConfigurationName = Release;
		};
		1D5F16892CD0C9E5007A308D /* Build configuration list for PBXNativeTarget "MenuDrawerNavigation-SwiftUI" */ = {
			isa = XCConfigurationList;
			buildConfigurations = (
				1D5F168A2CD0C9E5007A308D /* Debug */,
				1D5F168B2CD0C9E5007A308D /* Release */,
			);
			defaultConfigurationIsVisible = 0;
			defaultConfigurationName = Release;
		};
		1D5F168C2CD0C9E5007A308D /* Build configuration list for PBXNativeTarget "MenuDrawerNavigation-SwiftUITests" */ = {
			isa = XCConfigurationList;
			buildConfigurations = (
				1D5F168D2CD0C9E5007A308D /* Debug */,
				1D5F168E2CD0C9E5007A308D /* Release */,
			);
			defaultConfigurationIsVisible = 0;
			defaultConfigurationName = Release;
		};
		1D5F168F2CD0C9E5007A308D /* Build configuration list for PBXNativeTarget "MenuDrawerNavigation-SwiftUIUITests" */ = {
			isa = XCConfigurationList;
			buildConfigurations = (
				1D5F16902CD0C9E5007A308D /* Debug */,
				1D5F16912CD0C9E5007A308D /* Release */,
			);
			defaultConfigurationIsVisible = 0;
			defaultConfigurationName = Release;
		};
/* End XCConfigurationList section */
	};
	rootObject = 1D5F165D2CD0C9E4007A308D /* Project object */;
}
